
Microsoft Visual Studio Solution File, Format Version 12.00
# Visual Studio 15
VisualStudioVersion = 15.0.27703.2042
MinimumVisualStudioVersion = 10.0.40219.1
Project("{FAE04EC0-301F-11D3-BF4B-00C04F79EFBC}") = "RabotaDlyaTrpo", "RabotaDlyaTrpo\RabotaDlyaTrpo.csproj", "{0B2DC466-3FF5-4B7F-8770-3CCA1B6AB2FF}"
EndProject
Global
	GlobalSection(SolutionConfigurationPlatforms) = preSolution
		Debug|Any CPU = Debug|Any CPU
		Release|Any CPU = Release|Any CPU
	EndGlobalSection
	GlobalSection(ProjectConfigurationPlatforms) = postSolution
		{0B2DC466-3FF5-4B7F-8770-3CCA1B6AB2FF}.Debug|Any CPU.ActiveCfg = Debug|Any CPU
		{0B2DC466-3FF5-4B7F-8770-3CCA1B6AB2FF}.Debug|Any CPU.Build.0 = Debug|Any CPU
		{0B2DC466-3FF5-4B7F-8770-3CCA1B6AB2FF}.Release|Any CPU.ActiveCfg = Release|Any CPU
		{0B2DC466-3FF5-4B7F-8770-3CCA1B6AB2FF}.Release|Any CPU.Build.0 = Release|Any CPU
	EndGlobalSection
	GlobalSection(SolutionProperties) = preSolution
		HideSolutionNode = FALSE
	EndGlobalSection
	GlobalSection(ExtensibilityGlobals) = postSolution
		SolutionGuid = {A9B13B42-32E2-4909-A188-DAA77AE5D72A}
	EndGlobalSection
EndGlobal
